
Microsoft Visual Studio Solution File, Format Version 12.00
# Visual Studio Version 17
VisualStudioVersion = 17.7.34202.233
MinimumVisualStudioVersion = 10.0.40219.1
Project("{FAE04EC0-301F-11D3-BF4B-00C04F79EFBC}") = "WebApiProjectCoreMVC", "WebApiProjectCoreMVC\WebApiProjectCoreMVC.csproj", "{AA3BD803-F88C-45DD-956F-6B5D6EBB87C2}"
EndProject
Global
	GlobalSection(SolutionConfigurationPlatforms) = preSolution
		Debug|Any CPU = Debug|Any CPU
		Release|Any CPU = Release|Any CPU
	EndGlobalSection
	GlobalSection(ProjectConfigurationPlatforms) = postSolution
		{AA3BD803-F88C-45DD-956F-6B5D6EBB87C2}.Debug|Any CPU.ActiveCfg = Debug|Any CPU
		{AA3BD803-F88C-45DD-956F-6B5D6EBB87C2}.Debug|Any CPU.Build.0 = Debug|Any CPU
		{AA3BD803-F88C-45DD-956F-6B5D6EBB87C2}.Release|Any CPU.ActiveCfg = Release|Any CPU
		{AA3BD803-F88C-45DD-956F-6B5D6EBB87C2}.Release|Any CPU.Build.0 = Release|Any CPU
	EndGlobalSection
	GlobalSection(SolutionProperties) = preSolution
		HideSolutionNode = FALSE
	EndGlobalSection
	GlobalSection(ExtensibilityGlobals) = postSolution
		SolutionGuid = {A02832EF-9E01-4458-9CC7-B9F2B4A30AAA}
	EndGlobalSection
EndGlobal
